
Microsoft Visual Studio Solution File, Format Version 12.00
# Visual Studio Version 17
VisualStudioVersion = 17.4.33205.214
MinimumVisualStudioVersion = 10.0.40219.1
Project("{9A19103F-16F7-4668-BE54-9A1E7A4F7556}") = "Session-16", "Session-16\Session-16.csproj", "{4E283853-BA6E-4552-BC41-C96BC92396E5}"
EndProject
Project("{FAE04EC0-301F-11D3-BF4B-00C04F79EFBC}") = "EF.PetShop.Model", "EF.PetShop.Model\EF.PetShop.Model.csproj", "{640EFB74-B91D-4BCF-A2A6-EB32EB0E1097}"
EndProject
Global
	GlobalSection(SolutionConfigurationPlatforms) = preSolution
		Debug|Any CPU = Debug|Any CPU
		Release|Any CPU = Release|Any CPU
	EndGlobalSection
	GlobalSection(ProjectConfigurationPlatforms) = postSolution
		{4E283853-BA6E-4552-BC41-C96BC92396E5}.Debug|Any CPU.ActiveCfg = Debug|Any CPU
		{4E283853-BA6E-4552-BC41-C96BC92396E5}.Debug|Any CPU.Build.0 = Debug|Any CPU
		{4E283853-BA6E-4552-BC41-C96BC92396E5}.Release|Any CPU.ActiveCfg = Release|Any CPU
		{4E283853-BA6E-4552-BC41-C96BC92396E5}.Release|Any CPU.Build.0 = Release|Any CPU
		{640EFB74-B91D-4BCF-A2A6-EB32EB0E1097}.Debug|Any CPU.ActiveCfg = Debug|Any CPU
		{640EFB74-B91D-4BCF-A2A6-EB32EB0E1097}.Debug|Any CPU.Build.0 = Debug|Any CPU
		{640EFB74-B91D-4BCF-A2A6-EB32EB0E1097}.Release|Any CPU.ActiveCfg = Release|Any CPU
		{640EFB74-B91D-4BCF-A2A6-EB32EB0E1097}.Release|Any CPU.Build.0 = Release|Any CPU
	EndGlobalSection
	GlobalSection(SolutionProperties) = preSolution
		HideSolutionNode = FALSE
	EndGlobalSection
	GlobalSection(ExtensibilityGlobals) = postSolution
		SolutionGuid = {1DA58515-333E-4088-BC4B-650D5A912DA2}
	EndGlobalSection
EndGlobal
