
Microsoft Visual Studio Solution File, Format Version 12.00
# Visual Studio Version 17
VisualStudioVersion = 17.4.33205.214
MinimumVisualStudioVersion = 10.0.40219.1
Project("{FAE04EC0-301F-11D3-BF4B-00C04F79EFBC}") = "Session-06", "Session-06\Session-06.csproj", "{7FE5DF34-7E9B-40D6-B821-A37C8F1D7624}"
EndProject
Global
	GlobalSection(SolutionConfigurationPlatforms) = preSolution
		Debug|Any CPU = Debug|Any CPU
		Release|Any CPU = Release|Any CPU
	EndGlobalSection
	GlobalSection(ProjectConfigurationPlatforms) = postSolution
		{7FE5DF34-7E9B-40D6-B821-A37C8F1D7624}.Debug|Any CPU.ActiveCfg = Debug|Any CPU
		{7FE5DF34-7E9B-40D6-B821-A37C8F1D7624}.Debug|Any CPU.Build.0 = Debug|Any CPU
		{7FE5DF34-7E9B-40D6-B821-A37C8F1D7624}.Release|Any CPU.ActiveCfg = Release|Any CPU
		{7FE5DF34-7E9B-40D6-B821-A37C8F1D7624}.Release|Any CPU.Build.0 = Release|Any CPU
	EndGlobalSection
	GlobalSection(SolutionProperties) = preSolution
		HideSolutionNode = FALSE
	EndGlobalSection
	GlobalSection(ExtensibilityGlobals) = postSolution
		SolutionGuid = {24ED5AF5-59FC-440D-AE78-EB4B17925140}
	EndGlobalSection
EndGlobal
